
Microsoft Visual Studio Solution File, Format Version 12.00
# Visual Studio Version 17
VisualStudioVersion = 17.11.35219.272
MinimumVisualStudioVersion = 10.0.40219.1
Project("{FAE04EC0-301F-11D3-BF4B-00C04F79EFBC}") = "Tasks.api", "tasks-apis\Tasks.api.csproj", "{A52842C6-F88A-4BC5-9653-249F1D8EE37F}"
EndProject
Project("{FAE04EC0-301F-11D3-BF4B-00C04F79EFBC}") = "Tasks.Common", "Tasks.Common\Tasks.Common.csproj", "{A9BE33A0-459A-4BE6-BFEA-715C0A9653BD}"
EndProject
Project("{FAE04EC0-301F-11D3-BF4B-00C04F79EFBC}") = "Tasks.Infrastructure", "Tasks.Infrastructure\Tasks.Infrastructure.csproj", "{537D8715-D11F-4143-B13E-7DE68EA47A89}"
EndProject
Global
	GlobalSection(SolutionConfigurationPlatforms) = preSolution
		Debug|Any CPU = Debug|Any CPU
		Release|Any CPU = Release|Any CPU
	EndGlobalSection
	GlobalSection(ProjectConfigurationPlatforms) = postSolution
		{A52842C6-F88A-4BC5-9653-249F1D8EE37F}.Debug|Any CPU.ActiveCfg = Debug|Any CPU
		{A52842C6-F88A-4BC5-9653-249F1D8EE37F}.Debug|Any CPU.Build.0 = Debug|Any CPU
		{A52842C6-F88A-4BC5-9653-249F1D8EE37F}.Release|Any CPU.ActiveCfg = Release|Any CPU
		{A52842C6-F88A-4BC5-9653-249F1D8EE37F}.Release|Any CPU.Build.0 = Release|Any CPU
		{A9BE33A0-459A-4BE6-BFEA-715C0A9653BD}.Debug|Any CPU.ActiveCfg = Debug|Any CPU
		{A9BE33A0-459A-4BE6-BFEA-715C0A9653BD}.Debug|Any CPU.Build.0 = Debug|Any CPU
		{A9BE33A0-459A-4BE6-BFEA-715C0A9653BD}.Release|Any CPU.ActiveCfg = Release|Any CPU
		{A9BE33A0-459A-4BE6-BFEA-715C0A9653BD}.Release|Any CPU.Build.0 = Release|Any CPU
		{537D8715-D11F-4143-B13E-7DE68EA47A89}.Debug|Any CPU.ActiveCfg = Debug|Any CPU
		{537D8715-D11F-4143-B13E-7DE68EA47A89}.Debug|Any CPU.Build.0 = Debug|Any CPU
		{537D8715-D11F-4143-B13E-7DE68EA47A89}.Release|Any CPU.ActiveCfg = Release|Any CPU
		{537D8715-D11F-4143-B13E-7DE68EA47A89}.Release|Any CPU.Build.0 = Release|Any CPU
	EndGlobalSection
	GlobalSection(SolutionProperties) = preSolution
		HideSolutionNode = FALSE
	EndGlobalSection
	GlobalSection(ExtensibilityGlobals) = postSolution
		SolutionGuid = {5B6A275F-76DA-48F4-A81A-416E248DB7D0}
	EndGlobalSection
EndGlobal
